
Microsoft Visual Studio Solution File, Format Version 12.00
# Visual Studio Version 16
VisualStudioVersion = 16.0.30204.135
MinimumVisualStudioVersion = 10.0.40219.1
Project("{9A19103F-16F7-4668-BE54-9A1E7A4F7556}") = "CMoney.WebApi", "CMoney.WebApi.csproj", "{F83780F1-C256-497F-9FC6-89F307DBDE86}"
EndProject
Project("{9A19103F-16F7-4668-BE54-9A1E7A4F7556}") = "CMoney.DataAccess.Lib", "..\CMoney.DataAccess\CMoney.DataAccess.Lib.csproj", "{16BFA85B-EE4D-42BD-9F0A-6B5936B3BC2B}"
EndProject
Project("{9A19103F-16F7-4668-BE54-9A1E7A4F7556}") = "CMoney.Service.Lib", "..\CMoney.Service\CMoney.Service.Lib.csproj", "{095BD862-2763-4F40-A81B-149843016ECE}"
EndProject
Global
	GlobalSection(SolutionConfigurationPlatforms) = preSolution
		Debug|Any CPU = Debug|Any CPU
		Release|Any CPU = Release|Any CPU
	EndGlobalSection
	GlobalSection(ProjectConfigurationPlatforms) = postSolution
		{F83780F1-C256-497F-9FC6-89F307DBDE86}.Debug|Any CPU.ActiveCfg = Debug|Any CPU
		{F83780F1-C256-497F-9FC6-89F307DBDE86}.Debug|Any CPU.Build.0 = Debug|Any CPU
		{F83780F1-C256-497F-9FC6-89F307DBDE86}.Release|Any CPU.ActiveCfg = Release|Any CPU
		{F83780F1-C256-497F-9FC6-89F307DBDE86}.Release|Any CPU.Build.0 = Release|Any CPU
		{16BFA85B-EE4D-42BD-9F0A-6B5936B3BC2B}.Debug|Any CPU.ActiveCfg = Debug|Any CPU
		{16BFA85B-EE4D-42BD-9F0A-6B5936B3BC2B}.Debug|Any CPU.Build.0 = Debug|Any CPU
		{16BFA85B-EE4D-42BD-9F0A-6B5936B3BC2B}.Release|Any CPU.ActiveCfg = Release|Any CPU
		{16BFA85B-EE4D-42BD-9F0A-6B5936B3BC2B}.Release|Any CPU.Build.0 = Release|Any CPU
		{095BD862-2763-4F40-A81B-149843016ECE}.Debug|Any CPU.ActiveCfg = Debug|Any CPU
		{095BD862-2763-4F40-A81B-149843016ECE}.Debug|Any CPU.Build.0 = Debug|Any CPU
		{095BD862-2763-4F40-A81B-149843016ECE}.Release|Any CPU.ActiveCfg = Release|Any CPU
		{095BD862-2763-4F40-A81B-149843016ECE}.Release|Any CPU.Build.0 = Release|Any CPU
	EndGlobalSection
	GlobalSection(SolutionProperties) = preSolution
		HideSolutionNode = FALSE
	EndGlobalSection
	GlobalSection(ExtensibilityGlobals) = postSolution
		SolutionGuid = {0606EA53-AB45-4E02-8312-EA185A4F23A0}
	EndGlobalSection
EndGlobal
